<?xml version="1.0" encoding="utf-8"?>
<Project ToolsVersion="4.0" xmlns="http://schemas.microsoft.com/developer/msbuild/2003">
  <ItemGroup>
    <Filter Include="Source Files">
      <UniqueIdentifier>{4FC737F1-C7A5-4376-A066-2A32D752A2FF}</UniqueIdentifier>
      <Extensions>cpp;c;cc;cxx;c++;cppm;ixx;def;odl;idl;hpj;bat;asm;asmx</Extensions>
    </Filter>
    <Filter Include="Header Files">
      <UniqueIdentifier>{93995380-89BD-4b04-88EB-625FBE52EBFB}</UniqueIdentifier>
      <Extensions>h;hh;hpp;hxx;h++;hm;inl;inc;ipp;xsd</Extensions>
    </Filter>
    <Filter Include="Resource Files">
      <UniqueIdentifier>{67DA6AB6-F800-4c08-8B7A-83BB121AAD01}</UniqueIdentifier>
      <Extensions>rc;ico;cur;bmp;dlg;rc2;rct;bin;rgs;gif;jpg;jpeg;jpe;resx;tiff;tif;png;wav;mfcribbon-ms</Extensions>
    </Filter>
    <Filter Include="Header Files\details">
      <UniqueIdentifier>{fc7b1092-322b-4b30-92e5-0dfdf171af60}</UniqueIdentifier>
    </Filter>
    <Filter Include="Source Files\details">
      <UniqueIdentifier>{52d0532c-fa05-4956-8b64-d43ee784a795}</UniqueIdentifier>
    </Filter>
  </ItemGroup>
  <ItemGroup>
    <ClCompile Include="cpp\client_communicator.cpp">
      <Filter>Source Files</Filter>
    </ClCompile>
    <ClCompile Include="cpp\client_stream.cpp">
      <Filter>Source Files</Filter>
    </ClCompile>
    <ClCompile Include="cpp\netexcept.cpp">
      <Filter>Source Files</Filter>
    </ClCompile>
    <ClCompile Include="cpp\server_communicator.cpp">
      <Filter>Source Files</Filter>
    </ClCompile>
    <ClCompile Include="cpp\server_stream.cpp">
      <Filter>Source Files</Filter>
    </ClCompile>
    <ClCompile Include="cpp\tmsocket.cpp">
      <Filter>Source Files</Filter>
    </ClCompile>
  </ItemGroup>
  <ItemGroup>
    <ClInclude Include="include\client_communicator.hpp">
      <Filter>Header Files</Filter>
    </ClInclude>
    <ClInclude Include="include\client_stream.hpp">
      <Filter>Header Files</Filter>
    </ClInclude>
    <ClInclude Include="include\defs.hpp">
      <Filter>Header Files</Filter>
    </ClInclude>
    <ClInclude Include="include\netexcept.hpp">
      <Filter>Header Files</Filter>
    </ClInclude>
    <ClInclude Include="include\server_communicator.hpp">
      <Filter>Header Files</Filter>
    </ClInclude>
    <ClInclude Include="include\server_stream.hpp">
      <Filter>Header Files</Filter>
    </ClInclude>
    <ClInclude Include="include\details\socket_stream.ipp">
      <Filter>Header Files\details</Filter>
    </ClInclude>
    <ClInclude Include="include\tmsocket.hpp">
      <Filter>Header Files</Filter>
    </ClInclude>
    <ClInclude Include="cpp\details\protocol.ipp">
      <Filter>Source Files\details</Filter>
    </ClInclude>
    <ClInclude Include="cpp\details\socket_impl.ipp">
      <Filter>Source Files\details</Filter>
    </ClInclude>
  </ItemGroup>
  <ItemGroup>
    <None Include="Makefile.inc">
      <Filter>Resource Files</Filter>
    </None>
  </ItemGroup>
</Project>